Microsoft Visual Studio Solution File, Format Version 12.00
# Visual Studio 2012
Project("{FAE04EC0-301F-11D3-BF4B-00C04F79EFBC}") = "Team-water", "Team-water.csproj", "{D66E26F1-73C9-4CF0-B1B8-317647E80F79}"
EndProject
Global
	GlobalSection(SolutionConfigurationPlatforms) = preSolution
	Debug|Any CPU = Debug|Any CPU
	ExportDebug|Any CPU = ExportDebug|Any CPU
	ExportRelease|Any CPU = ExportRelease|Any CPU
	EndGlobalSection
	GlobalSection(ProjectConfigurationPlatforms) = postSolution
		{D66E26F1-73C9-4CF0-B1B8-317647E80F79}.Debug|Any CPU.ActiveCfg = Debug|Any CPU
		{D66E26F1-73C9-4CF0-B1B8-317647E80F79}.Debug|Any CPU.Build.0 = Debug|Any CPU
		{D66E26F1-73C9-4CF0-B1B8-317647E80F79}.ExportDebug|Any CPU.ActiveCfg = ExportDebug|Any CPU
		{D66E26F1-73C9-4CF0-B1B8-317647E80F79}.ExportDebug|Any CPU.Build.0 = ExportDebug|Any CPU
		{D66E26F1-73C9-4CF0-B1B8-317647E80F79}.ExportRelease|Any CPU.ActiveCfg = ExportRelease|Any CPU
		{D66E26F1-73C9-4CF0-B1B8-317647E80F79}.ExportRelease|Any CPU.Build.0 = ExportRelease|Any CPU
	EndGlobalSection
EndGlobal
